
Microsoft Visual Studio Solution File, Format Version 12.00
# Visual Studio Version 17
VisualStudioVersion = 17.9.34728.123
MinimumVisualStudioVersion = 10.0.40219.1
Project("{9A19103F-16F7-4668-BE54-9A1E7A4F7556}") = "TqkLibrary.AudioPlayer.FFmpegAudioReader", "TqkLibrary.AudioPlayer.FFmpegAudioReader\TqkLibrary.AudioPlayer.FFmpegAudioReader.csproj", "{E4C867A7-2B80-4DD4-B227-529E460D366D}"
	ProjectSection(ProjectDependencies) = postProject
		{4F6674D0-B05A-4494-8477-FBBF2174ADC0} = {4F6674D0-B05A-4494-8477-FBBF2174ADC0}
	EndProjectSection
EndProject
Project("{8BC9CEB8-8B4A-11D0-8D11-00A0C91BC942}") = "TqkLibrary.AudioPlayer.FFmpegAudioReader.Native", "TqkLibrary.AudioPlayer.FFmpegAudioReader.Native\TqkLibrary.AudioPlayer.FFmpegAudioReader.Native.vcxproj", "{4F6674D0-B05A-4494-8477-FBBF2174ADC0}"
EndProject
Project("{FAE04EC0-301F-11D3-BF4B-00C04F79EFBC}") = "ConsoleTest", "ConsoleTest\ConsoleTest.csproj", "{49D42D0E-D19A-4876-86D7-123DA1C11955}"
EndProject
Global
	GlobalSection(SolutionConfigurationPlatforms) = preSolution
		Debug|Any CPU = Debug|Any CPU
		Debug|x64 = Debug|x64
		Debug|x86 = Debug|x86
		Release|Any CPU = Release|Any CPU
		Release|x64 = Release|x64
		Release|x86 = Release|x86
	EndGlobalSection
	GlobalSection(ProjectConfigurationPlatforms) = postSolution
		{E4C867A7-2B80-4DD4-B227-529E460D366D}.Debug|Any CPU.ActiveCfg = Debug|Any CPU
		{E4C867A7-2B80-4DD4-B227-529E460D366D}.Debug|Any CPU.Build.0 = Debug|Any CPU
		{E4C867A7-2B80-4DD4-B227-529E460D366D}.Debug|x64.ActiveCfg = Debug|x64
		{E4C867A7-2B80-4DD4-B227-529E460D366D}.Debug|x64.Build.0 = Debug|x64
		{E4C867A7-2B80-4DD4-B227-529E460D366D}.Debug|x86.ActiveCfg = Debug|x86
		{E4C867A7-2B80-4DD4-B227-529E460D366D}.Debug|x86.Build.0 = Debug|x86
		{E4C867A7-2B80-4DD4-B227-529E460D366D}.Release|Any CPU.ActiveCfg = Release|Any CPU
		{E4C867A7-2B80-4DD4-B227-529E460D366D}.Release|Any CPU.Build.0 = Release|Any CPU
		{E4C867A7-2B80-4DD4-B227-529E460D366D}.Release|x64.ActiveCfg = Release|x64
		{E4C867A7-2B80-4DD4-B227-529E460D366D}.Release|x64.Build.0 = Release|x64
		{E4C867A7-2B80-4DD4-B227-529E460D366D}.Release|x86.ActiveCfg = Release|x86
		{E4C867A7-2B80-4DD4-B227-529E460D366D}.Release|x86.Build.0 = Release|x86
		{4F6674D0-B05A-4494-8477-FBBF2174ADC0}.Debug|Any CPU.ActiveCfg = Debug|x64
		{4F6674D0-B05A-4494-8477-FBBF2174ADC0}.Debug|Any CPU.Build.0 = Debug|x64
		{4F6674D0-B05A-4494-8477-FBBF2174ADC0}.Debug|x64.ActiveCfg = Debug|x64
		{4F6674D0-B05A-4494-8477-FBBF2174ADC0}.Debug|x64.Build.0 = Debug|x64
		{4F6674D0-B05A-4494-8477-FBBF2174ADC0}.Debug|x86.ActiveCfg = Debug|Win32
		{4F6674D0-B05A-4494-8477-FBBF2174ADC0}.Debug|x86.Build.0 = Debug|Win32
		{4F6674D0-B05A-4494-8477-FBBF2174ADC0}.Release|Any CPU.ActiveCfg = Release|x64
		{4F6674D0-B05A-4494-8477-FBBF2174ADC0}.Release|Any CPU.Build.0 = Release|x64
		{4F6674D0-B05A-4494-8477-FBBF2174ADC0}.Release|x64.ActiveCfg = Release|x64
		{4F6674D0-B05A-4494-8477-FBBF2174ADC0}.Release|x64.Build.0 = Release|x64
		{4F6674D0-B05A-4494-8477-FBBF2174ADC0}.Release|x86.ActiveCfg = Release|Win32
		{4F6674D0-B05A-4494-8477-FBBF2174ADC0}.Release|x86.Build.0 = Release|Win32
		{49D42D0E-D19A-4876-86D7-123DA1C11955}.Debug|Any CPU.ActiveCfg = Debug|Any CPU
		{49D42D0E-D19A-4876-86D7-123DA1C11955}.Debug|Any CPU.Build.0 = Debug|Any CPU
		{49D42D0E-D19A-4876-86D7-123DA1C11955}.Debug|x64.ActiveCfg = Debug|Any CPU
		{49D42D0E-D19A-4876-86D7-123DA1C11955}.Debug|x64.Build.0 = Debug|Any CPU
		{49D42D0E-D19A-4876-86D7-123DA1C11955}.Debug|x86.ActiveCfg = Debug|Any CPU
		{49D42D0E-D19A-4876-86D7-123DA1C11955}.Debug|x86.Build.0 = Debug|Any CPU
		{49D42D0E-D19A-4876-86D7-123DA1C11955}.Release|Any CPU.ActiveCfg = Release|Any CPU
		{49D42D0E-D19A-4876-86D7-123DA1C11955}.Release|Any CPU.Build.0 = Release|Any CPU
		{49D42D0E-D19A-4876-86D7-123DA1C11955}.Release|x64.ActiveCfg = Release|Any CPU
		{49D42D0E-D19A-4876-86D7-123DA1C11955}.Release|x64.Build.0 = Release|Any CPU
		{49D42D0E-D19A-4876-86D7-123DA1C11955}.Release|x86.ActiveCfg = Release|Any CPU
		{49D42D0E-D19A-4876-86D7-123DA1C11955}.Release|x86.Build.0 = Release|Any CPU
	EndGlobalSection
	GlobalSection(SolutionProperties) = preSolution
		HideSolutionNode = FALSE
	EndGlobalSection
	GlobalSection(ExtensibilityGlobals) = postSolution
		SolutionGuid = {539933BF-6EFB-4E1D-AA64-8EA144E83B4D}
	EndGlobalSection
EndGlobal
